<?xml version="1.0" encoding="utf-8"?>
<Project ToolsVersion="4.0" xmlns="http://schemas.microsoft.com/developer/msbuild/2003">
  <ItemGroup>
    <Filter Include="소스 파일">
      <UniqueIdentifier>{4FC737F1-C7A5-4376-A066-2A32D752A2FF}</UniqueIdentifier>
      <Extensions>cpp;c;cc;cxx;def;odl;idl;hpj;bat;asm;asmx</Extensions>
    </Filter>
  </ItemGroup>
  <ItemGroup>
    <ClCompile Include="stdafx.cpp">
      <Filter>소스 파일</Filter>
    </ClCompile>
    <ClCompile Include="jjang.cpp">
      <Filter>소스 파일</Filter>
    </ClCompile>
    <ClCompile Include="window.cpp">
      <Filter>소스 파일</Filter>
    </ClCompile>
    <ClCompile Include="videoResource.cpp">
      <Filter>소스 파일</Filter>
    </ClCompile>
    <ClCompile Include="gameObject.cpp">
      <Filter>소스 파일</Filter>
    </ClCompile>
    <ClCompile Include="staticAllocatorManager.cpp">
      <Filter>소스 파일</Filter>
    </ClCompile>
    <ClCompile Include="component.cpp">
      <Filter>소스 파일</Filter>
    </ClCompile>
  </ItemGroup>
  <ItemGroup>
    <ClInclude Include="stdafx.h">
      <Filter>소스 파일</Filter>
    </ClInclude>
    <ClInclude Include="jjang.h">
      <Filter>소스 파일</Filter>
    </ClInclude>
    <ClInclude Include="window.h">
      <Filter>소스 파일</Filter>
    </ClInclude>
    <ClInclude Include="videoResource.h">
      <Filter>소스 파일</Filter>
    </ClInclude>
    <ClInclude Include="object.h">
      <Filter>소스 파일</Filter>
    </ClInclude>
    <ClInclude Include="gameObject.h">
      <Filter>소스 파일</Filter>
    </ClInclude>
    <ClInclude Include="staticallocatormanager.h">
      <Filter>소스 파일</Filter>
    </ClInclude>
    <ClInclude Include="refCount.h">
      <Filter>소스 파일</Filter>
    </ClInclude>
    <ClInclude Include="component.h">
      <Filter>소스 파일</Filter>
    </ClInclude>
    <ClInclude Include="componentName.h">
      <Filter>소스 파일</Filter>
    </ClInclude>
  </ItemGroup>
</Project>