
Microsoft Visual Studio Solution File, Format Version 12.00
# Visual Studio Express 14 for Windows Desktop
VisualStudioVersion = 14.0.23107.0
MinimumVisualStudioVersion = 10.0.40219.1
Project("{8BC9CEB8-8B4A-11D0-8D11-00A0C91BC942}") = "main", "main\main.vcxproj", "{4D7D05AA-612F-499D-A532-B2776525B179}"
	ProjectSection(ProjectDependencies) = postProject
		{69C06BD3-08FE-4523-A1F3-2BE979A92ADE} = {69C06BD3-08FE-4523-A1F3-2BE979A92ADE}
	EndProjectSection
EndProject
Project("{8BC9CEB8-8B4A-11D0-8D11-00A0C91BC942}") = "engine", "engine\engine.vcxproj", "{69C06BD3-08FE-4523-A1F3-2BE979A92ADE}"
EndProject
Global
	GlobalSection(SolutionConfigurationPlatforms) = preSolution
		Debug|Win32 = Debug|Win32
		Release|Win32 = Release|Win32
	EndGlobalSection
	GlobalSection(ProjectConfigurationPlatforms) = postSolution
		{4D7D05AA-612F-499D-A532-B2776525B179}.Debug|Win32.ActiveCfg = Debug|Win32
		{4D7D05AA-612F-499D-A532-B2776525B179}.Debug|Win32.Build.0 = Debug|Win32
		{4D7D05AA-612F-499D-A532-B2776525B179}.Release|Win32.ActiveCfg = Release|Win32
		{4D7D05AA-612F-499D-A532-B2776525B179}.Release|Win32.Build.0 = Release|Win32
		{69C06BD3-08FE-4523-A1F3-2BE979A92ADE}.Debug|Win32.ActiveCfg = Debug|Win32
		{69C06BD3-08FE-4523-A1F3-2BE979A92ADE}.Debug|Win32.Build.0 = Debug|Win32
		{69C06BD3-08FE-4523-A1F3-2BE979A92ADE}.Release|Win32.ActiveCfg = Release|Win32
		{69C06BD3-08FE-4523-A1F3-2BE979A92ADE}.Release|Win32.Build.0 = Release|Win32
	EndGlobalSection
	GlobalSection(SolutionProperties) = preSolution
		HideSolutionNode = FALSE
	EndGlobalSection
EndGlobal
